
Microsoft Visual Studio Solution File, Format Version 12.00
# Visual Studio Version 16
VisualStudioVersion = 16.0.31025.194
MinimumVisualStudioVersion = 10.0.40219.1
Project("{FAE04EC0-301F-11D3-BF4B-00C04F79EFBC}") = "DBPracticForm", "DBPracticForm.csproj", "{AFA826ED-988B-4297-94ED-FBD43A2B44D0}"
EndProject
Global
	GlobalSection(SolutionConfigurationPlatforms) = preSolution
		Debug|Any CPU = Debug|Any CPU
		Release|Any CPU = Release|Any CPU
	EndGlobalSection
	GlobalSection(ProjectConfigurationPlatforms) = postSolution
		{AFA826ED-988B-4297-94ED-FBD43A2B44D0}.Debug|Any CPU.ActiveCfg = Debug|Any CPU
		{AFA826ED-988B-4297-94ED-FBD43A2B44D0}.Debug|Any CPU.Build.0 = Debug|Any CPU
		{AFA826ED-988B-4297-94ED-FBD43A2B44D0}.Release|Any CPU.ActiveCfg = Release|Any CPU
		{AFA826ED-988B-4297-94ED-FBD43A2B44D0}.Release|Any CPU.Build.0 = Release|Any CPU
	EndGlobalSection
	GlobalSection(SolutionProperties) = preSolution
		HideSolutionNode = FALSE
	EndGlobalSection
	GlobalSection(ExtensibilityGlobals) = postSolution
		SolutionGuid = {827D6DD8-89A4-437F-860B-3CF17F3727B4}
	EndGlobalSection
EndGlobal
