
Microsoft Visual Studio Solution File, Format Version 12.00
# Visual Studio Version 16
VisualStudioVersion = 16.0.31025.194
MinimumVisualStudioVersion = 10.0.40219.1
Project("{FAE04EC0-301F-11D3-BF4B-00C04F79EFBC}") = "922ComsaFilip", "922ComsaFilip.csproj", "{E9BB2BCC-B206-4EC6-92F2-6815B366171A}"
EndProject
Global
	GlobalSection(SolutionConfigurationPlatforms) = preSolution
		Debug|Any CPU = Debug|Any CPU
		Release|Any CPU = Release|Any CPU
	EndGlobalSection
	GlobalSection(ProjectConfigurationPlatforms) = postSolution
		{E9BB2BCC-B206-4EC6-92F2-6815B366171A}.Debug|Any CPU.ActiveCfg = Debug|Any CPU
		{E9BB2BCC-B206-4EC6-92F2-6815B366171A}.Debug|Any CPU.Build.0 = Debug|Any CPU
		{E9BB2BCC-B206-4EC6-92F2-6815B366171A}.Release|Any CPU.ActiveCfg = Release|Any CPU
		{E9BB2BCC-B206-4EC6-92F2-6815B366171A}.Release|Any CPU.Build.0 = Release|Any CPU
	EndGlobalSection
	GlobalSection(SolutionProperties) = preSolution
		HideSolutionNode = FALSE
	EndGlobalSection
	GlobalSection(ExtensibilityGlobals) = postSolution
		SolutionGuid = {5E3FA1D1-0EA1-46E3-9B2D-F95E762D9B45}
	EndGlobalSection
EndGlobal
