
Microsoft Visual Studio Solution File, Format Version 12.00
# Visual Studio Version 16
VisualStudioVersion = 16.0.30002.166
MinimumVisualStudioVersion = 10.0.40219.1
Project("{8BC9CEB8-8B4A-11D0-8D11-00A0C91BC942}") = "Writing_Exam_ex1", "Writing_Exam_ex1\Writing_Exam_ex1.vcxproj", "{FDCEBFBF-8EC9-4675-984A-41F8D53EA559}"
EndProject
Project("{8BC9CEB8-8B4A-11D0-8D11-00A0C91BC942}") = "Writing_Exam_ex2", "Writing_Exam_ex2\Writing_Exam_ex2.vcxproj", "{5DE7DEAF-F5A5-4D97-8B7D-AF4BBBA87CD9}"
EndProject
Global
	GlobalSection(SolutionConfigurationPlatforms) = preSolution
		Debug|x64 = Debug|x64
		Debug|x86 = Debug|x86
		Release|x64 = Release|x64
		Release|x86 = Release|x86
	EndGlobalSection
	GlobalSection(ProjectConfigurationPlatforms) = postSolution
		{FDCEBFBF-8EC9-4675-984A-41F8D53EA559}.Debug|x64.ActiveCfg = Debug|x64
		{FDCEBFBF-8EC9-4675-984A-41F8D53EA559}.Debug|x64.Build.0 = Debug|x64
		{FDCEBFBF-8EC9-4675-984A-41F8D53EA559}.Debug|x86.ActiveCfg = Debug|Win32
		{FDCEBFBF-8EC9-4675-984A-41F8D53EA559}.Debug|x86.Build.0 = Debug|Win32
		{FDCEBFBF-8EC9-4675-984A-41F8D53EA559}.Release|x64.ActiveCfg = Release|x64
		{FDCEBFBF-8EC9-4675-984A-41F8D53EA559}.Release|x64.Build.0 = Release|x64
		{FDCEBFBF-8EC9-4675-984A-41F8D53EA559}.Release|x86.ActiveCfg = Release|Win32
		{FDCEBFBF-8EC9-4675-984A-41F8D53EA559}.Release|x86.Build.0 = Release|Win32
		{5DE7DEAF-F5A5-4D97-8B7D-AF4BBBA87CD9}.Debug|x64.ActiveCfg = Debug|x64
		{5DE7DEAF-F5A5-4D97-8B7D-AF4BBBA87CD9}.Debug|x64.Build.0 = Debug|x64
		{5DE7DEAF-F5A5-4D97-8B7D-AF4BBBA87CD9}.Debug|x86.ActiveCfg = Debug|Win32
		{5DE7DEAF-F5A5-4D97-8B7D-AF4BBBA87CD9}.Debug|x86.Build.0 = Debug|Win32
		{5DE7DEAF-F5A5-4D97-8B7D-AF4BBBA87CD9}.Release|x64.ActiveCfg = Release|x64
		{5DE7DEAF-F5A5-4D97-8B7D-AF4BBBA87CD9}.Release|x64.Build.0 = Release|x64
		{5DE7DEAF-F5A5-4D97-8B7D-AF4BBBA87CD9}.Release|x86.ActiveCfg = Release|Win32
		{5DE7DEAF-F5A5-4D97-8B7D-AF4BBBA87CD9}.Release|x86.Build.0 = Release|Win32
	EndGlobalSection
	GlobalSection(SolutionProperties) = preSolution
		HideSolutionNode = FALSE
	EndGlobalSection
	GlobalSection(ExtensibilityGlobals) = postSolution
		SolutionGuid = {C5A859D9-17D4-4CBA-AB57-518492DF4F0E}
	EndGlobalSection
EndGlobal
